// !$*UTF8*$!
{
	archiveVersion = 1;
	classes = {
	};
	objectVersion = 48;
	objects = {

/* Begin PBXBuildFile section */
		052A4B16200E4CFC00520B21 /* AppDelegate.swift in Sources */ = {isa = PBXBuildFile; fileRef = 052A4B15200E4CFC00520B21 /* AppDelegate.swift */; };
		052A4B1B200E4CFC00520B21 /* Main.storyboard in Resources */ = {isa = PBXBuildFile; fileRef = 052A4B19200E4CFC00520B21 /* Main.storyboard */; };
		052A4B1D200E4CFD00520B21 /* Assets.xcassets in Resources */ = {isa = PBXBuildFile; fileRef = 052A4B1C200E4CFD00520B21 /* Assets.xcassets */; };
		052A4B20200E4CFD00520B21 /* LaunchScreen.storyboard in Resources */ = {isa = PBXBuildFile; fileRef = 052A4B1E200E4CFD00520B21 /* LaunchScreen.storyboard */; };
		052A4B2B200E4CFD00520B21 /* trackerbrdTests.swift in Sources */ = {isa = PBXBuildFile; fileRef = 052A4B2A200E4CFD00520B21 /* trackerbrdTests.swift */; };
		052A4B36200E4CFD00520B21 /* trackerbrdUITests.swift in Sources */ = {isa = PBXBuildFile; fileRef = 052A4B35200E4CFD00520B21 /* trackerbrdUITests.swift */; };
		052A4B44200E656100520B21 /* LoginViewController.swift in Sources */ = {isa = PBXBuildFile; fileRef = 052A4B43200E656100520B21 /* LoginViewController.swift */; };
		054B9F03201466B700C33AA8 /* NetworkService.swift in Sources */ = {isa = PBXBuildFile; fileRef = 054B9F02201466B700C33AA8 /* NetworkService.swift */; };
		054B9F05201468C900C33AA8 /* UsersJson.swift in Sources */ = {isa = PBXBuildFile; fileRef = 054B9F04201468C900C33AA8 /* UsersJson.swift */; };
		054B9F072014691F00C33AA8 /* NetworkError.swift in Sources */ = {isa = PBXBuildFile; fileRef = 054B9F062014691F00C33AA8 /* NetworkError.swift */; };
		054B9F0920146CA500C33AA8 /* UserNetworkService.swift in Sources */ = {isa = PBXBuildFile; fileRef = 054B9F0820146CA500C33AA8 /* UserNetworkService.swift */; };
		054B9F0B20146E0B00C33AA8 /* Links.swift in Sources */ = {isa = PBXBuildFile; fileRef = 054B9F0A20146E0B00C33AA8 /* Links.swift */; };
		054B9F0D20147F3800C33AA8 /* StringExtension.swift in Sources */ = {isa = PBXBuildFile; fileRef = 054B9F0C20147F3800C33AA8 /* StringExtension.swift */; };
		05634A6B200FCB6B0087EBD0 /* RegisterViewController.swift in Sources */ = {isa = PBXBuildFile; fileRef = 05634A6A200FCB6B0087EBD0 /* RegisterViewController.swift */; };
		05B5ED15200E82A400D8E98F /* User.swift in Sources */ = {isa = PBXBuildFile; fileRef = 05B5ED14200E82A400D8E98F /* User.swift */; };
		05F2E2452017A23D00082763 /* MainManagerViewController.swift in Sources */ = {isa = PBXBuildFile; fileRef = 05F2E2442017A23D00082763 /* MainManagerViewController.swift */; };
		199E9CA2829274D52A229C56 /* Pods_trackerbrdTests.framework in Frameworks */ = {isa = PBXBuildFile; fileRef = 7421279EF4C76BAF6BBA4462 /* Pods_trackerbrdTests.framework */; };
		78D9CF0C7B1A8966F75F0E5A /* Pods_trackerbrdUITests.framework in Frameworks */ = {isa = PBXBuildFile; fileRef = AD834CD52BF36B51D6F32EAB /* Pods_trackerbrdUITests.framework */; };
		9D7E2FEEA049712019E37F0B /* Pods_trackerbrd.framework in Frameworks */ = {isa = PBXBuildFile; fileRef = 9E401BB473F3F929D3284F5E /* Pods_trackerbrd.framework */; };
/* End PBXBuildFile section */

/* Begin PBXContainerItemProxy section */
		052A4B27200E4CFD00520B21 /* PBXContainerItemProxy */ = {
			isa = PBXContainerItemProxy;
			containerPortal = 052A4B0A200E4CFC00520B21 /* Project object */;
			proxyType = 1;
			remoteGlobalIDString = 052A4B11200E4CFC00520B21;
			remoteInfo = trackerbrd;
		};
		052A4B32200E4CFD00520B21 /* PBXContainerItemProxy */ = {
			isa = PBXContainerItemProxy;
			containerPortal = 052A4B0A200E4CFC00520B21 /* Project object */;
			proxyType = 1;
			remoteGlobalIDString = 052A4B11200E4CFC00520B21;
			remoteInfo = trackerbrd;
		};
/* End PBXContainerItemProxy section */

/* Begin PBXFileReference section */
		052A4B12200E4CFC00520B21 /* trackerbrd.app */ = {isa = PBXFileReference; explicitFileType = wrapper.application; includeInIndex = 0; path = trackerbrd.app; sourceTree = BUILT_PRODUCTS_DIR; };
		052A4B15200E4CFC00520B21 /* AppDelegate.swift */ = {isa = PBXFileReference; lastKnownFileType = sourcecode.swift; path = AppDelegate.swift; sourceTree = "<group>"; };
		052A4B1A200E4CFC00520B21 /* Base */ = {isa = PBXFileReference; lastKnownFileType = file.storyboard; name = Base; path = Base.lproj/Main.storyboard; sourceTree = "<group>"; };
		052A4B1C200E4CFD00520B21 /* Assets.xcassets */ = {isa = PBXFileReference; lastKnownFileType = folder.assetcatalog; path = Assets.xcassets; sourceTree = "<group>"; };
		052A4B1F200E4CFD00520B21 /* Base */ = {isa = PBXFileReference; lastKnownFileType = file.storyboard; name = Base; path = Base.lproj/LaunchScreen.storyboard; sourceTree = "<group>"; };
		052A4B21200E4CFD00520B21 /* Info.plist */ = {isa = PBXFileReference; lastKnownFileType = text.plist.xml; path = Info.plist; sourceTree = "<group>"; };
		052A4B26200E4CFD00520B21 /* trackerbrdTests.xctest */ = {isa = PBXFileReference; explicitFileType = wrapper.cfbundle; includeInIndex = 0; path = trackerbrdTests.xctest; sourceTree = BUILT_PRODUCTS_DIR; };
		052A4B2A200E4CFD00520B21 /* trackerbrdTests.swift */ = {isa = PBXFileReference; lastKnownFileType = sourcecode.swift; path = trackerbrdTests.swift; sourceTree = "<group>"; };
		052A4B2C200E4CFD00520B21 /* Info.plist */ = {isa = PBXFileReference; lastKnownFileType = text.plist.xml; path = Info.plist; sourceTree = "<group>"; };
		052A4B31200E4CFD00520B21 /* trackerbrdUITests.xctest */ = {isa = PBXFileReference; explicitFileType = wrapper.cfbundle; includeInIndex = 0; path = trackerbrdUITests.xctest; sourceTree = BUILT_PRODUCTS_DIR; };
		052A4B35200E4CFD00520B21 /* trackerbrdUITests.swift */ = {isa = PBXFileReference; lastKnownFileType = sourcecode.swift; path = trackerbrdUITests.swift; sourceTree = "<group>"; };
		052A4B37200E4CFD00520B21 /* Info.plist */ = {isa = PBXFileReference; lastKnownFileType = text.plist.xml; path = Info.plist; sourceTree = "<group>"; };
		052A4B43200E656100520B21 /* LoginViewController.swift */ = {isa = PBXFileReference; lastKnownFileType = sourcecode.swift; path = LoginViewController.swift; sourceTree = "<group>"; };
		054B9F02201466B700C33AA8 /* NetworkService.swift */ = {isa = PBXFileReference; lastKnownFileType = sourcecode.swift; path = NetworkService.swift; sourceTree = "<group>"; };
		054B9F04201468C900C33AA8 /* UsersJson.swift */ = {isa = PBXFileReference; lastKnownFileType = sourcecode.swift; path = UsersJson.swift; sourceTree = "<group>"; };
		054B9F062014691F00C33AA8 /* NetworkError.swift */ = {isa = PBXFileReference; lastKnownFileType = sourcecode.swift; path = NetworkError.swift; sourceTree = "<group>"; };
		054B9F0820146CA500C33AA8 /* UserNetworkService.swift */ = {isa = PBXFileReference; lastKnownFileType = sourcecode.swift; path = UserNetworkService.swift; sourceTree = "<group>"; };
		054B9F0A20146E0B00C33AA8 /* Links.swift */ = {isa = PBXFileReference; lastKnownFileType = sourcecode.swift; path = Links.swift; sourceTree = "<group>"; };
		054B9F0C20147F3800C33AA8 /* StringExtension.swift */ = {isa = PBXFileReference; lastKnownFileType = sourcecode.swift; path = StringExtension.swift; sourceTree = "<group>"; };
		05634A6A200FCB6B0087EBD0 /* RegisterViewController.swift */ = {isa = PBXFileReference; lastKnownFileType = sourcecode.swift; path = RegisterViewController.swift; sourceTree = "<group>"; };
		05B5ED14200E82A400D8E98F /* User.swift */ = {isa = PBXFileReference; lastKnownFileType = sourcecode.swift; path = User.swift; sourceTree = "<group>"; };
		05F2E2442017A23D00082763 /* MainManagerViewController.swift */ = {isa = PBXFileReference; lastKnownFileType = sourcecode.swift; path = MainManagerViewController.swift; sourceTree = "<group>"; };
		09D45AD393D417931448AE97 /* Pods-trackerbrdUITests.release.xcconfig */ = {isa = PBXFileReference; includeInIndex = 1; lastKnownFileType = text.xcconfig; name = "Pods-trackerbrdUITests.release.xcconfig"; path = "Pods/Target Support Files/Pods-trackerbrdUITests/Pods-trackerbrdUITests.release.xcconfig"; sourceTree = "<group>"; };
		2262B6309CFCB3AB6F69C89C /* Pods-trackerbrdTests.debug.xcconfig */ = {isa = PBXFileReference; includeInIndex = 1; lastKnownFileType = text.xcconfig; name = "Pods-trackerbrdTests.debug.xcconfig"; path = "Pods/Target Support Files/Pods-trackerbrdTests/Pods-trackerbrdTests.debug.xcconfig"; sourceTree = "<group>"; };
		302741DE8C6AEAF0D7678A1F /* Pods-trackerbrdUITests.debug.xcconfig */ = {isa = PBXFileReference; includeInIndex = 1; lastKnownFileType = text.xcconfig; name = "Pods-trackerbrdUITests.debug.xcconfig"; path = "Pods/Target Support Files/Pods-trackerbrdUITests/Pods-trackerbrdUITests.debug.xcconfig"; sourceTree = "<group>"; };
		4C361B0DB6CD0535B84D6617 /* Pods-trackerbrd.debug.xcconfig */ = {isa = PBXFileReference; includeInIndex = 1; lastKnownFileType = text.xcconfig; name = "Pods-trackerbrd.debug.xcconfig"; path = "Pods/Target Support Files/Pods-trackerbrd/Pods-trackerbrd.debug.xcconfig"; sourceTree = "<group>"; };
		7421279EF4C76BAF6BBA4462 /* Pods_trackerbrdTests.framework */ = {isa = PBXFileReference; explicitFileType = wrapper.framework; includeInIndex = 0; path = Pods_trackerbrdTests.framework; sourceTree = BUILT_PRODUCTS_DIR; };
		978694CA956A5422B5FC9C9C /* Pods-trackerbrd.release.xcconfig */ = {isa = PBXFileReference; includeInIndex = 1; lastKnownFileType = text.xcconfig; name = "Pods-trackerbrd.release.xcconfig"; path = "Pods/Target Support Files/Pods-trackerbrd/Pods-trackerbrd.release.xcconfig"; sourceTree = "<group>"; };
		9E401BB473F3F929D3284F5E /* Pods_trackerbrd.framework */ = {isa = PBXFileReference; explicitFileType = wrapper.framework; includeInIndex = 0; path = Pods_trackerbrd.framework; sourceTree = BUILT_PRODUCTS_DIR; };
		AD834CD52BF36B51D6F32EAB /* Pods_trackerbrdUITests.framework */ = {isa = PBXFileReference; explicitFileType = wrapper.framework; includeInIndex = 0; path = Pods_trackerbrdUITests.framework; sourceTree = BUILT_PRODUCTS_DIR; };
		DA20AE06344C71B629084249 /* Pods-trackerbrdTests.release.xcconfig */ = {isa = PBXFileReference; includeInIndex = 1; lastKnownFileType = text.xcconfig; name = "Pods-trackerbrdTests.release.xcconfig"; path = "Pods/Target Support Files/Pods-trackerbrdTests/Pods-trackerbrdTests.release.xcconfig"; sourceTree = "<group>"; };
/* End PBXFileReference section */

/* Begin PBXFrameworksBuildPhase section */
		052A4B0F200E4CFC00520B21 /* Frameworks */ = {
			isa = PBXFrameworksBuildPhase;
			buildActionMask = 2147483647;
			files = (
				9D7E2FEEA049712019E37F0B /* Pods_trackerbrd.framework in Frameworks */,
			);
			runOnlyForDeploymentPostprocessing = 0;
		};
		052A4B23200E4CFD00520B21 /* Frameworks */ = {
			isa = PBXFrameworksBuildPhase;
			buildActionMask = 2147483647;
			files = (
				199E9CA2829274D52A229C56 /* Pods_trackerbrdTests.framework in Frameworks */,
			);
			runOnlyForDeploymentPostprocessing = 0;
		};
		052A4B2E200E4CFD00520B21 /* Frameworks */ = {
			isa = PBXFrameworksBuildPhase;
			buildActionMask = 2147483647;
			files = (
				78D9CF0C7B1A8966F75F0E5A /* Pods_trackerbrdUITests.framework in Frameworks */,
			);
			runOnlyForDeploymentPostprocessing = 0;
		};
/* End PBXFrameworksBuildPhase section */

/* Begin PBXGroup section */
		052A4B09200E4CFC00520B21 = {
			isa = PBXGroup;
			children = (
				052A4B14200E4CFC00520B21 /* trackerbrd */,
				052A4B29200E4CFD00520B21 /* trackerbrdTests */,
				052A4B34200E4CFD00520B21 /* trackerbrdUITests */,
				052A4B13200E4CFC00520B21 /* Products */,
				A8F1DAE6EAA8691CC76F1488 /* Pods */,
				C376D6BAF8C76E8D5C06D3F2 /* Frameworks */,
			);
			sourceTree = "<group>";
		};
		052A4B13200E4CFC00520B21 /* Products */ = {
			isa = PBXGroup;
			children = (
				052A4B12200E4CFC00520B21 /* trackerbrd.app */,
				052A4B26200E4CFD00520B21 /* trackerbrdTests.xctest */,
				052A4B31200E4CFD00520B21 /* trackerbrdUITests.xctest */,
			);
			name = Products;
			sourceTree = "<group>";
		};
		052A4B14200E4CFC00520B21 /* trackerbrd */ = {
			isa = PBXGroup;
			children = (
				054B9F012014664200C33AA8 /* network */,
				05E8EEAB20111A97003961E7 /* model */,
				05E8EEAC20111AA1003961E7 /* view */,
				05634A6C200FCB850087EBD0 /* controllers */,
				05E8EEAD20111AB6003961E7 /* supporting */,
			);
			path = trackerbrd;
			sourceTree = "<group>";
		};
		052A4B29200E4CFD00520B21 /* trackerbrdTests */ = {
			isa = PBXGroup;
			children = (
				052A4B2A200E4CFD00520B21 /* trackerbrdTests.swift */,
				052A4B2C200E4CFD00520B21 /* Info.plist */,
			);
			path = trackerbrdTests;
			sourceTree = "<group>";
		};
		052A4B34200E4CFD00520B21 /* trackerbrdUITests */ = {
			isa = PBXGroup;
			children = (
				052A4B35200E4CFD00520B21 /* trackerbrdUITests.swift */,
				052A4B37200E4CFD00520B21 /* Info.plist */,
			);
			path = trackerbrdUITests;
			sourceTree = "<group>";
		};
		054B9F012014664200C33AA8 /* network */ = {
			isa = PBXGroup;
			children = (
				054B9F02201466B700C33AA8 /* NetworkService.swift */,
				054B9F062014691F00C33AA8 /* NetworkError.swift */,
				054B9F0820146CA500C33AA8 /* UserNetworkService.swift */,
				054B9F0A20146E0B00C33AA8 /* Links.swift */,
			);
			path = network;
			sourceTree = "<group>";
		};
		05634A6C200FCB850087EBD0 /* controllers */ = {
			isa = PBXGroup;
			children = (
				052A4B43200E656100520B21 /* LoginViewController.swift */,
				05634A6A200FCB6B0087EBD0 /* RegisterViewController.swift */,
				05F2E2442017A23D00082763 /* MainManagerViewController.swift */,
			);
			path = controllers;
			sourceTree = "<group>";
		};
		05E8EEAB20111A97003961E7 /* model */ = {
			isa = PBXGroup;
			children = (
				05B5ED14200E82A400D8E98F /* User.swift */,
				054B9F04201468C900C33AA8 /* UsersJson.swift */,
			);
			path = model;
			sourceTree = "<group>";
		};
		05E8EEAC20111AA1003961E7 /* view */ = {
			isa = PBXGroup;
			children = (
			);
			path = view;
			sourceTree = "<group>";
		};
		05E8EEAD20111AB6003961E7 /* supporting */ = {
			isa = PBXGroup;
			children = (
				052A4B15200E4CFC00520B21 /* AppDelegate.swift */,
				052A4B19200E4CFC00520B21 /* Main.storyboard */,
				052A4B1C200E4CFD00520B21 /* Assets.xcassets */,
				052A4B1E200E4CFD00520B21 /* LaunchScreen.storyboard */,
				052A4B21200E4CFD00520B21 /* Info.plist */,
				054B9F0C20147F3800C33AA8 /* StringExtension.swift */,
			);
			path = supporting;
			sourceTree = "<group>";
		};
		A8F1DAE6EAA8691CC76F1488 /* Pods */ = {
			isa = PBXGroup;
			children = (
				4C361B0DB6CD0535B84D6617 /* Pods-trackerbrd.debug.xcconfig */,
				978694CA956A5422B5FC9C9C /* Pods-trackerbrd.release.xcconfig */,
				2262B6309CFCB3AB6F69C89C /* Pods-trackerbrdTests.debug.xcconfig */,
				DA20AE06344C71B629084249 /* Pods-trackerbrdTests.release.xcconfig */,
				302741DE8C6AEAF0D7678A1F /* Pods-trackerbrdUITests.debug.xcconfig */,
				09D45AD393D417931448AE97 /* Pods-trackerbrdUITests.release.xcconfig */,
			);
			name = Pods;
			sourceTree = "<group>";
		};
		C376D6BAF8C76E8D5C06D3F2 /* Frameworks */ = {
			isa = PBXGroup;
			children = (
				9E401BB473F3F929D3284F5E /* Pods_trackerbrd.framework */,
				7421279EF4C76BAF6BBA4462 /* Pods_trackerbrdTests.framework */,
				AD834CD52BF36B51D6F32EAB /* Pods_trackerbrdUITests.framework */,
			);
			name = Frameworks;
			sourceTree = "<group>";
		};
/* End PBXGroup section */

/* Begin PBXNativeTarget section */
		052A4B11200E4CFC00520B21 /* trackerbrd */ = {
			isa = PBXNativeTarget;
			buildConfigurationList = 052A4B3A200E4CFD00520B21 /* Build configuration list for PBXNativeTarget "trackerbrd" */;
			buildPhases = (
				F0A8D4D14C147DB17FD53DF6 /* [CP] Check Pods Manifest.lock */,
				052A4B0E200E4CFC00520B21 /* Sources */,
				052A4B0F200E4CFC00520B21 /* Frameworks */,
				052A4B10200E4CFC00520B21 /* Resources */,
				99F7FB5D519FDD5BCD069FCA /* [CP] Embed Pods Frameworks */,
				1E39A90B2657E1EC2783834B /* [CP] Copy Pods Resources */,
			);
			buildRules = (
			);
			dependencies = (
			);
			name = trackerbrd;
			productName = trackerbrd;
			productReference = 052A4B12200E4CFC00520B21 /* trackerbrd.app */;
			productType = "com.apple.product-type.application";
		};
		052A4B25200E4CFD00520B21 /* trackerbrdTests */ = {
			isa = PBXNativeTarget;
			buildConfigurationList = 052A4B3D200E4CFD00520B21 /* Build configuration list for PBXNativeTarget "trackerbrdTests" */;
			buildPhases = (
				1937895D7003330D5FE5D0C7 /* [CP] Check Pods Manifest.lock */,
				052A4B22200E4CFD00520B21 /* Sources */,
				052A4B23200E4CFD00520B21 /* Frameworks */,
				052A4B24200E4CFD00520B21 /* Resources */,
				BFD2DA062A7DDBF1D71B02CE /* [CP] Embed Pods Frameworks */,
				C72BB968563AA4F8F7A59952 /* [CP] Copy Pods Resources */,
			);
			buildRules = (
			);
			dependencies = (
				052A4B28200E4CFD00520B21 /* PBXTargetDependency */,
			);
			name = trackerbrdTests;
			productName = trackerbrdTests;
			productReference = 052A4B26200E4CFD00520B21 /* trackerbrdTests.xctest */;
			productType = "com.apple.product-type.bundle.unit-test";
		};
		052A4B30200E4CFD00520B21 /* trackerbrdUITests */ = {
			isa = PBXNativeTarget;
			buildConfigurationList = 052A4B40200E4CFD00520B21 /* Build configuration list for PBXNativeTarget "trackerbrdUITests" */;
			buildPhases = (
				EA9F0E5C06ACD46B84519D88 /* [CP] Check Pods Manifest.lock */,
				052A4B2D200E4CFD00520B21 /* Sources */,
				052A4B2E200E4CFD00520B21 /* Frameworks */,
				052A4B2F200E4CFD00520B21 /* Resources */,
				5E2312D8538072BB56DB03AC /* [CP] Embed Pods Frameworks */,
				CED7776DD97D0C9CCA940258 /* [CP] Copy Pods Resources */,
			);
			buildRules = (
			);
			dependencies = (
				052A4B33200E4CFD00520B21 /* PBXTargetDependency */,
			);
			name = trackerbrdUITests;
			productName = trackerbrdUITests;
			productReference = 052A4B31200E4CFD00520B21 /* trackerbrdUITests.xctest */;
			productType = "com.apple.product-type.bundle.ui-testing";
		};
/* End PBXNativeTarget section */

/* Begin PBXProject section */
		052A4B0A200E4CFC00520B21 /* Project object */ = {
			isa = PBXProject;
			attributes = {
				LastSwiftUpdateCheck = 0920;
				LastUpgradeCheck = 0920;
				ORGANIZATIONNAME = "Alexandr Nesterov";
				TargetAttributes = {
					052A4B11200E4CFC00520B21 = {
						CreatedOnToolsVersion = 9.2;
						ProvisioningStyle = Automatic;
					};
					052A4B25200E4CFD00520B21 = {
						CreatedOnToolsVersion = 9.2;
						ProvisioningStyle = Automatic;
						TestTargetID = 052A4B11200E4CFC00520B21;
					};
					052A4B30200E4CFD00520B21 = {
						CreatedOnToolsVersion = 9.2;
						ProvisioningStyle = Automatic;
						TestTargetID = 052A4B11200E4CFC00520B21;
					};
				};
			};
			buildConfigurationList = 052A4B0D200E4CFC00520B21 /* Build configuration list for PBXProject "trackerbrd" */;
			compatibilityVersion = "Xcode 8.0";
			developmentRegion = en;
			hasScannedForEncodings = 0;
			knownRegions = (
				en,
				Base,
			);
			mainGroup = 052A4B09200E4CFC00520B21;
			productRefGroup = 052A4B13200E4CFC00520B21 /* Products */;
			projectDirPath = "";
			projectRoot = "";
			targets = (
				052A4B11200E4CFC00520B21 /* trackerbrd */,
				052A4B25200E4CFD00520B21 /* trackerbrdTests */,
				052A4B30200E4CFD00520B21 /* trackerbrdUITests */,
			);
		};
/* End PBXProject section */

/* Begin PBXResourcesBuildPhase section */
		052A4B10200E4CFC00520B21 /* Resources */ = {
			isa = PBXResourcesBuildPhase;
			buildActionMask = 2147483647;
			files = (
				052A4B20200E4CFD00520B21 /* LaunchScreen.storyboard in Resources */,
				052A4B1D200E4CFD00520B21 /* Assets.xcassets in Resources */,
				052A4B1B200E4CFC00520B21 /* Main.storyboard in Resources */,
			);
			runOnlyForDeploymentPostprocessing = 0;
		};
		052A4B24200E4CFD00520B21 /* Resources */ = {
			isa = PBXResourcesBuildPhase;
			buildActionMask = 2147483647;
			files = (
			);
			runOnlyForDeploymentPostprocessing = 0;
		};
		052A4B2F200E4CFD00520B21 /* Resources */ = {
			isa = PBXResourcesBuildPhase;
			buildActionMask = 2147483647;
			files = (
			);
			runOnlyForDeploymentPostprocessing = 0;
		};
/* End PBXResourcesBuildPhase section */

/* Begin PBXShellScriptBuildPhase section */
		1937895D7003330D5FE5D0C7 /* [CP] Check Pods Manifest.lock */ = {
			isa = PBXShellScriptBuildPhase;
			buildActionMask = 2147483647;
			files = (
			);
			inputPaths = (
				"${PODS_PODFILE_DIR_PATH}/Podfile.lock",
				"${PODS_ROOT}/Manifest.lock",
			);
			name = "[CP] Check Pods Manifest.lock";
			outputPaths = (
				"$(DERIVED_FILE_DIR)/Pods-trackerbrdTests-checkManifestLockResult.txt",
			);
			runOnlyForDeploymentPostprocessing = 0;
			shellPath = /bin/sh;
			shellScript = "diff \"${PODS_PODFILE_DIR_PATH}/Podfile.lock\" \"${PODS_ROOT}/Manifest.lock\" > /dev/null\nif [ $? != 0 ] ; then\n    # print error to STDERR\n    echo \"error: The sandbox is not in sync with the Podfile.lock. Run 'pod install' or update your CocoaPods installation.\" >&2\n    exit 1\nfi\n# This output is used by Xcode 'outputs' to avoid re-running this script phase.\necho \"SUCCESS\" > \"${SCRIPT_OUTPUT_FILE_0}\"\n";
			showEnvVarsInLog = 0;
		};
		1E39A90B2657E1EC2783834B /* [CP] Copy Pods Resources */ = {
			isa = PBXShellScriptBuildPhase;
			buildActionMask = 12;
			files = (
			);
			inputPaths = (
			);
			name = "[CP] Copy Pods Resources";
			outputPaths = (
			);
			runOnlyForDeploymentPostprocessing = 0;
			shellPath = /bin/sh;
			shellScript = "\"${SRCROOT}/Pods/Target Support Files/Pods-trackerbrd/Pods-trackerbrd-resources.sh\"\n";
			showEnvVarsInLog = 0;
		};
		5E2312D8538072BB56DB03AC /* [CP] Embed Pods Frameworks */ = {
			isa = PBXShellScriptBuildPhase;
			buildActionMask = 2147483647;
			files = (
			);
			inputPaths = (
			);
			name = "[CP] Embed Pods Frameworks";
			outputPaths = (
			);
			runOnlyForDeploymentPostprocessing = 0;
			shellPath = /bin/sh;
			shellScript = "\"${SRCROOT}/Pods/Target Support Files/Pods-trackerbrdUITests/Pods-trackerbrdUITests-frameworks.sh\"\n";
			showEnvVarsInLog = 0;
		};
		99F7FB5D519FDD5BCD069FCA /* [CP] Embed Pods Frameworks */ = {
			isa = PBXShellScriptBuildPhase;
			buildActionMask = 12;
			files = (
			);
			inputPaths = (
				"${SRCROOT}/Pods/Target Support Files/Pods-trackerbrd/Pods-trackerbrd-frameworks.sh",
				"${BUILT_PRODUCTS_DIR}/CommonCryptoModule/CommonCryptoModule.framework",
				"${BUILT_PRODUCTS_DIR}/SkyFloatingLabelTextField/SkyFloatingLabelTextField.framework",
				"${BUILT_PRODUCTS_DIR}/SwiftyJSON/SwiftyJSON.framework",
			);
			name = "[CP] Embed Pods Frameworks";
			outputPaths = (
				"${TARGET_BUILD_DIR}/${FRAMEWORKS_FOLDER_PATH}/CommonCryptoModule.framework",
				"${TARGET_BUILD_DIR}/${FRAMEWORKS_FOLDER_PATH}/SkyFloatingLabelTextField.framework",
				"${TARGET_BUILD_DIR}/${FRAMEWORKS_FOLDER_PATH}/SwiftyJSON.framework",
			);
			runOnlyForDeploymentPostprocessing = 0;
			shellPath = /bin/sh;
			shellScript = "\"${SRCROOT}/Pods/Target Support Files/Pods-trackerbrd/Pods-trackerbrd-frameworks.sh\"\n";
			showEnvVarsInLog = 0;
		};
		BFD2DA062A7DDBF1D71B02CE /* [CP] Embed Pods Frameworks */ = {
			isa = PBXShellScriptBuildPhase;
			buildActionMask = 2147483647;
			files = (
			);
			inputPaths = (
			);
			name = "[CP] Embed Pods Frameworks";
			outputPaths = (
			);
			runOnlyForDeploymentPostprocessing = 0;
			shellPath = /bin/sh;
			shellScript = "\"${SRCROOT}/Pods/Target Support Files/Pods-trackerbrdTests/Pods-trackerbrdTests-frameworks.sh\"\n";
			showEnvVarsInLog = 0;
		};
		C72BB968563AA4F8F7A59952 /* [CP] Copy Pods Resources */ = {
			isa = PBXShellScriptBuildPhase;
			buildActionMask = 2147483647;
			files = (
			);
			inputPaths = (
			);
			name = "[CP] Copy Pods Resources";
			outputPaths = (
			);
			runOnlyForDeploymentPostprocessing = 0;
			shellPath = /bin/sh;
			shellScript = "\"${SRCROOT}/Pods/Target Support Files/Pods-trackerbrdTests/Pods-trackerbrdTests-resources.sh\"\n";
			showEnvVarsInLog = 0;
		};
		CED7776DD97D0C9CCA940258 /* [CP] Copy Pods Resources */ = {
			isa = PBXShellScriptBuildPhase;
			buildActionMask = 2147483647;
			files = (
			);
			inputPaths = (
			);
			name = "[CP] Copy Pods Resources";
			outputPaths = (
			);
			runOnlyForDeploymentPostprocessing = 0;
			shellPath = /bin/sh;
			shellScript = "\"${SRCROOT}/Pods/Target Support Files/Pods-trackerbrdUITests/Pods-trackerbrdUITests-resources.sh\"\n";
			showEnvVarsInLog = 0;
		};
		EA9F0E5C06ACD46B84519D88 /* [CP] Check Pods Manifest.lock */ = {
			isa = PBXShellScriptBuildPhase;
			buildActionMask = 2147483647;
			files = (
			);
			inputPaths = (
				"${PODS_PODFILE_DIR_PATH}/Podfile.lock",
				"${PODS_ROOT}/Manifest.lock",
			);
			name = "[CP] Check Pods Manifest.lock";
			outputPaths = (
				"$(DERIVED_FILE_DIR)/Pods-trackerbrdUITests-checkManifestLockResult.txt",
			);
			runOnlyForDeploymentPostprocessing = 0;
			shellPath = /bin/sh;
			shellScript = "diff \"${PODS_PODFILE_DIR_PATH}/Podfile.lock\" \"${PODS_ROOT}/Manifest.lock\" > /dev/null\nif [ $? != 0 ] ; then\n    # print error to STDERR\n    echo \"error: The sandbox is not in sync with the Podfile.lock. Run 'pod install' or update your CocoaPods installation.\" >&2\n    exit 1\nfi\n# This output is used by Xcode 'outputs' to avoid re-running this script phase.\necho \"SUCCESS\" > \"${SCRIPT_OUTPUT_FILE_0}\"\n";
			showEnvVarsInLog = 0;
		};
		F0A8D4D14C147DB17FD53DF6 /* [CP] Check Pods Manifest.lock */ = {
			isa = PBXShellScriptBuildPhase;
			buildActionMask = 12;
			files = (
			);
			inputPaths = (
				"${PODS_PODFILE_DIR_PATH}/Podfile.lock",
				"${PODS_ROOT}/Manifest.lock",
			);
			name = "[CP] Check Pods Manifest.lock";
			outputPaths = (
				"$(DERIVED_FILE_DIR)/Pods-trackerbrd-checkManifestLockResult.txt",
			);
			runOnlyForDeploymentPostprocessing = 0;
			shellPath = /bin/sh;
			shellScript = "diff \"${PODS_PODFILE_DIR_PATH}/Podfile.lock\" \"${PODS_ROOT}/Manifest.lock\" > /dev/null\nif [ $? != 0 ] ; then\n    # print error to STDERR\n    echo \"error: The sandbox is not in sync with the Podfile.lock. Run 'pod install' or update your CocoaPods installation.\" >&2\n    exit 1\nfi\n# This output is used by Xcode 'outputs' to avoid re-running this script phase.\necho \"SUCCESS\" > \"${SCRIPT_OUTPUT_FILE_0}\"\n";
			showEnvVarsInLog = 0;
		};
/* End PBXShellScriptBuildPhase section */

/* Begin PBXSourcesBuildPhase section */
		052A4B0E200E4CFC00520B21 /* Sources */ = {
			isa = PBXSourcesBuildPhase;
			buildActionMask = 2147483647;
			files = (
				054B9F03201466B700C33AA8 /* NetworkService.swift in Sources */,
				054B9F072014691F00C33AA8 /* NetworkError.swift in Sources */,
				05F2E2452017A23D00082763 /* MainManagerViewController.swift in Sources */,
				054B9F0D20147F3800C33AA8 /* StringExtension.swift in Sources */,
				052A4B44200E656100520B21 /* LoginViewController.swift in Sources */,
				054B9F05201468C900C33AA8 /* UsersJson.swift in Sources */,
				054B9F0B20146E0B00C33AA8 /* Links.swift in Sources */,
				052A4B16200E4CFC00520B21 /* AppDelegate.swift in Sources */,
				054B9F0920146CA500C33AA8 /* UserNetworkService.swift in Sources */,
				05B5ED15200E82A400D8E98F /* User.swift in Sources */,
				05634A6B200FCB6B0087EBD0 /* RegisterViewController.swift in Sources */,
			);
			runOnlyForDeploymentPostprocessing = 0;
		};
		052A4B22200E4CFD00520B21 /* Sources */ = {
			isa = PBXSourcesBuildPhase;
			buildActionMask = 2147483647;
			files = (
				052A4B2B200E4CFD00520B21 /* trackerbrdTests.swift in Sources */,
			);
			runOnlyForDeploymentPostprocessing = 0;
		};
		052A4B2D200E4CFD00520B21 /* Sources */ = {
			isa = PBXSourcesBuildPhase;
			buildActionMask = 2147483647;
			files = (
				052A4B36200E4CFD00520B21 /* trackerbrdUITests.swift in Sources */,
			);
			runOnlyForDeploymentPostprocessing = 0;
		};
/* End PBXSourcesBuildPhase section */

/* Begin PBXTargetDependency section */
		052A4B28200E4CFD00520B21 /* PBXTargetDependency */ = {
			isa = PBXTargetDependency;
			target = 052A4B11200E4CFC00520B21 /* trackerbrd */;
			targetProxy = 052A4B27200E4CFD00520B21 /* PBXContainerItemProxy */;
		};
		052A4B33200E4CFD00520B21 /* PBXTargetDependency */ = {
			isa = PBXTargetDependency;
			target = 052A4B11200E4CFC00520B21 /* trackerbrd */;
			targetProxy = 052A4B32200E4CFD00520B21 /* PBXContainerItemProxy */;
		};
/* End PBXTargetDependency section */

/* Begin PBXVariantGroup section */
		052A4B19200E4CFC00520B21 /* Main.storyboard */ = {
			isa = PBXVariantGroup;
			children = (
				052A4B1A200E4CFC00520B21 /* Base */,
			);
			name = Main.storyboard;
			sourceTree = "<group>";
		};
		052A4B1E200E4CFD00520B21 /* LaunchScreen.storyboard */ = {
			isa = PBXVariantGroup;
			children = (
				052A4B1F200E4CFD00520B21 /* Base */,
			);
			name = LaunchScreen.storyboard;
			sourceTree = "<group>";
		};
/* End PBXVariantGroup section */

/* Begin XCBuildConfiguration section */
		052A4B38200E4CFD00520B21 /* Debug */ = {
			isa = XCBuildConfiguration;
			buildSettings = {
				ALWAYS_SEARCH_USER_PATHS = NO;
				CLANG_ANALYZER_NONNULL = YES;
				CLANG_ANALYZER_NUMBER_OBJECT_CONVERSION = YES_AGGRESSIVE;
				CLANG_CXX_LANGUAGE_STANDARD = "gnu++14";
				CLANG_CXX_LIBRARY = "libc++";
				CLANG_ENABLE_MODULES = YES;
				CLANG_ENABLE_OBJC_ARC = YES;
				CLANG_WARN_BLOCK_CAPTURE_AUTORELEASING = YES;
				CLANG_WARN_BOOL_CONVERSION = YES;
				CLANG_WARN_COMMA = YES;
				CLANG_WARN_CONSTANT_CONVERSION = YES;
				CLANG_WARN_DIRECT_OBJC_ISA_USAGE = YES_ERROR;
				CLANG_WARN_DOCUMENTATION_COMMENTS = YES;
				CLANG_WARN_EMPTY_BODY = YES;
				CLANG_WARN_ENUM_CONVERSION = YES;
				CLANG_WARN_INFINITE_RECURSION = YES;
				CLANG_WARN_INT_CONVERSION = YES;
				CLANG_WARN_NON_LITERAL_NULL_CONVERSION = YES;
				CLANG_WARN_OBJC_LITERAL_CONVERSION = YES;
				CLANG_WARN_OBJC_ROOT_CLASS = YES_ERROR;
				CLANG_WARN_RANGE_LOOP_ANALYSIS = YES;
				CLANG_WARN_STRICT_PROTOTYPES = YES;
				CLANG_WARN_SUSPICIOUS_MOVE = YES;
				CLANG_WARN_UNGUARDED_AVAILABILITY = YES_AGGRESSIVE;
				CLANG_WARN_UNREACHABLE_CODE = YES;
				CLANG_WARN__DUPLICATE_METHOD_MATCH = YES;
				CODE_SIGN_IDENTITY = "iPhone Developer";
				COPY_PHASE_STRIP = NO;
				DEBUG_INFORMATION_FORMAT = dwarf;
				ENABLE_STRICT_OBJC_MSGSEND = YES;
				ENABLE_TESTABILITY = YES;
				GCC_C_LANGUAGE_STANDARD = gnu11;
				GCC_DYNAMIC_NO_PIC = NO;
				GCC_NO_COMMON_BLOCKS = YES;
				GCC_OPTIMIZATION_LEVEL = 0;
				GCC_PREPROCESSOR_DEFINITIONS = (
					"DEBUG=1",
					"$(inherited)",
				);
				GCC_WARN_64_TO_32_BIT_CONVERSION = YES;
				GCC_WARN_ABOUT_RETURN_TYPE = YES_ERROR;
				GCC_WARN_UNDECLARED_SELECTOR = YES;
				GCC_WARN_UNINITIALIZED_AUTOS = YES_AGGRESSIVE;
				GCC_WARN_UNUSED_FUNCTION = YES;
				GCC_WARN_UNUSED_VARIABLE = YES;
				IPHONEOS_DEPLOYMENT_TARGET = 10.0;
				MTL_ENABLE_DEBUG_INFO = YES;
				ONLY_ACTIVE_ARCH = YES;
				SDKROOT = iphoneos;
				SWIFT_ACTIVE_COMPILATION_CONDITIONS = DEBUG;
				SWIFT_OPTIMIZATION_LEVEL = "-Onone";
			};
			name = Debug;
		};
		052A4B39200E4CFD00520B21 /* Release */ = {
			isa = XCBuildConfiguration;
			buildSettings = {
				ALWAYS_SEARCH_USER_PATHS = NO;
				CLANG_ANALYZER_NONNULL = YES;
				CLANG_ANALYZER_NUMBER_OBJECT_CONVERSION = YES_AGGRESSIVE;
				CLANG_CXX_LANGUAGE_STANDARD = "gnu++14";
				CLANG_CXX_LIBRARY = "libc++";
				CLANG_ENABLE_MODULES = YES;
				CLANG_ENABLE_OBJC_ARC = YES;
				CLANG_WARN_BLOCK_CAPTURE_AUTORELEASING = YES;
				CLANG_WARN_BOOL_CONVERSION = YES;
				CLANG_WARN_COMMA = YES;
				CLANG_WARN_CONSTANT_CONVERSION = YES;
				CLANG_WARN_DIRECT_OBJC_ISA_USAGE = YES_ERROR;
				CLANG_WARN_DOCUMENTATION_COMMENTS = YES;
				CLANG_WARN_EMPTY_BODY = YES;
				CLANG_WARN_ENUM_CONVERSION = YES;
				CLANG_WARN_INFINITE_RECURSION = YES;
				CLANG_WARN_INT_CONVERSION = YES;
				CLANG_WARN_NON_LITERAL_NULL_CONVERSION = YES;
				CLANG_WARN_OBJC_LITERAL_CONVERSION = YES;
				CLANG_WARN_OBJC_ROOT_CLASS = YES_ERROR;
				CLANG_WARN_RANGE_LOOP_ANALYSIS = YES;
				CLANG_WARN_STRICT_PROTOTYPES = YES;
				CLANG_WARN_SUSPICIOUS_MOVE = YES;
				CLANG_WARN_UNGUARDED_AVAILABILITY = YES_AGGRESSIVE;
				CLANG_WARN_UNREACHABLE_CODE = YES;
				CLANG_WARN__DUPLICATE_METHOD_MATCH = YES;
				CODE_SIGN_IDENTITY = "iPhone Developer";
				COPY_PHASE_STRIP = NO;
				DEBUG_INFORMATION_FORMAT = "dwarf-with-dsym";
				ENABLE_NS_ASSERTIONS = NO;
				ENABLE_STRICT_OBJC_MSGSEND = YES;
				GCC_C_LANGUAGE_STANDARD = gnu11;
				GCC_NO_COMMON_BLOCKS = YES;
				GCC_WARN_64_TO_32_BIT_CONVERSION = YES;
				GCC_WARN_ABOUT_RETURN_TYPE = YES_ERROR;
				GCC_WARN_UNDECLARED_SELECTOR = YES;
				GCC_WARN_UNINITIALIZED_AUTOS = YES_AGGRESSIVE;
				GCC_WARN_UNUSED_FUNCTION = YES;
				GCC_WARN_UNUSED_VARIABLE = YES;
				IPHONEOS_DEPLOYMENT_TARGET = 10.0;
				MTL_ENABLE_DEBUG_INFO = NO;
				SDKROOT = iphoneos;
				SWIFT_OPTIMIZATION_LEVEL = "-Owholemodule";
				VALIDATE_PRODUCT = YES;
			};
			name = Release;
		};
		052A4B3B200E4CFD00520B21 /* Debug */ = {
			isa = XCBuildConfiguration;
			baseConfigurationReference = 4C361B0DB6CD0535B84D6617 /* Pods-trackerbrd.debug.xcconfig */;
			buildSettings = {
				ASSETCATALOG_COMPILER_APPICON_NAME = AppIcon;
				CODE_SIGN_STYLE = Automatic;
				DEVELOPMENT_TEAM = XQAD9EPEQ7;
				INFOPLIST_FILE = "$(SRCROOT)/trackerbrd/supporting/Info.plist";
				IPHONEOS_DEPLOYMENT_TARGET = 10.0;
				LD_RUNPATH_SEARCH_PATHS = "$(inherited) @executable_path/Frameworks";
				PRODUCT_BUNDLE_IDENTIFIER = ru.free.trackerbrd;
				PRODUCT_NAME = "$(TARGET_NAME)";
				SWIFT_VERSION = 4.0;
				TARGETED_DEVICE_FAMILY = 1;
			};
			name = Debug;
		};
		052A4B3C200E4CFD00520B21 /* Release */ = {
			isa = XCBuildConfiguration;
			baseConfigurationReference = 978694CA956A5422B5FC9C9C /* Pods-trackerbrd.release.xcconfig */;
			buildSettings = {
				ASSETCATALOG_COMPILER_APPICON_NAME = AppIcon;
				CODE_SIGN_STYLE = Automatic;
				DEVELOPMENT_TEAM = XQAD9EPEQ7;
				INFOPLIST_FILE = "$(SRCROOT)/trackerbrd/supporting/Info.plist";
				IPHONEOS_DEPLOYMENT_TARGET = 10.0;
				LD_RUNPATH_SEARCH_PATHS = "$(inherited) @executable_path/Frameworks";
				PRODUCT_BUNDLE_IDENTIFIER = ru.free.trackerbrd;
				PRODUCT_NAME = "$(TARGET_NAME)";
				SWIFT_VERSION = 4.0;
				TARGETED_DEVICE_FAMILY = 1;
			};
			name = Release;
		};
		052A4B3E200E4CFD00520B21 /* Debug */ = {
			isa = XCBuildConfiguration;
			baseConfigurationReference = 2262B6309CFCB3AB6F69C89C /* Pods-trackerbrdTests.debug.xcconfig */;
			buildSettings = {
				ALWAYS_EMBED_SWIFT_STANDARD_LIBRARIES = YES;
				BUNDLE_LOADER = "$(TEST_HOST)";
				CODE_SIGN_STYLE = Automatic;
				DEVELOPMENT_TEAM = XQAD9EPEQ7;
				INFOPLIST_FILE = trackerbrdTests/Info.plist;
				LD_RUNPATH_SEARCH_PATHS = "$(inherited) @executable_path/Frameworks @loader_path/Frameworks";
				PRODUCT_BUNDLE_IDENTIFIER = ru.free.trackerbrdTests;
				PRODUCT_NAME = "$(TARGET_NAME)";
				SWIFT_VERSION = 4.0;
				TARGETED_DEVICE_FAMILY = "1,2";
				TEST_HOST = "$(BUILT_PRODUCTS_DIR)/trackerbrd.app/trackerbrd";
			};
			name = Debug;
		};
		052A4B3F200E4CFD00520B21 /* Release */ = {
			isa = XCBuildConfiguration;
			baseConfigurationReference = DA20AE06344C71B629084249 /* Pods-trackerbrdTests.release.xcconfig */;
			buildSettings = {
				ALWAYS_EMBED_SWIFT_STANDARD_LIBRARIES = YES;
				BUNDLE_LOADER = "$(TEST_HOST)";
				CODE_SIGN_STYLE = Automatic;
				DEVELOPMENT_TEAM = XQAD9EPEQ7;
				INFOPLIST_FILE = trackerbrdTests/Info.plist;
				LD_RUNPATH_SEARCH_PATHS = "$(inherited) @executable_path/Frameworks @loader_path/Frameworks";
				PRODUCT_BUNDLE_IDENTIFIER = ru.free.trackerbrdTests;
				PRODUCT_NAME = "$(TARGET_NAME)";
				SWIFT_VERSION = 4.0;
				TARGETED_DEVICE_FAMILY = "1,2";
				TEST_HOST = "$(BUILT_PRODUCTS_DIR)/trackerbrd.app/trackerbrd";
			};
			name = Release;
		};
		052A4B41200E4CFD00520B21 /* Debug */ = {
			isa = XCBuildConfiguration;
			baseConfigurationReference = 302741DE8C6AEAF0D7678A1F /* Pods-trackerbrdUITests.debug.xcconfig */;
			buildSettings = {
				ALWAYS_EMBED_SWIFT_STANDARD_LIBRARIES = YES;
				CODE_SIGN_STYLE = Automatic;
				DEVELOPMENT_TEAM = XQAD9EPEQ7;
				INFOPLIST_FILE = trackerbrdUITests/Info.plist;
				LD_RUNPATH_SEARCH_PATHS = "$(inherited) @executable_path/Frameworks @loader_path/Frameworks";
				PRODUCT_BUNDLE_IDENTIFIER = ru.free.trackerbrdUITests;
				PRODUCT_NAME = "$(TARGET_NAME)";
				SWIFT_VERSION = 4.0;
				TARGETED_DEVICE_FAMILY = "1,2";
				TEST_TARGET_NAME = trackerbrd;
			};
			name = Debug;
		};
		052A4B42200E4CFD00520B21 /* Release */ = {
			isa = XCBuildConfiguration;
			baseConfigurationReference = 09D45AD393D417931448AE97 /* Pods-trackerbrdUITests.release.xcconfig */;
			buildSettings = {
				ALWAYS_EMBED_SWIFT_STANDARD_LIBRARIES = YES;
				CODE_SIGN_STYLE = Automatic;
				DEVELOPMENT_TEAM = XQAD9EPEQ7;
				INFOPLIST_FILE = trackerbrdUITests/Info.plist;
				LD_RUNPATH_SEARCH_PATHS = "$(inherited) @executable_path/Frameworks @loader_path/Frameworks";
				PRODUCT_BUNDLE_IDENTIFIER = ru.free.trackerbrdUITests;
				PRODUCT_NAME = "$(TARGET_NAME)";
				SWIFT_VERSION = 4.0;
				TARGETED_DEVICE_FAMILY = "1,2";
				TEST_TARGET_NAME = trackerbrd;
			};
			name = Release;
		};
/* End XCBuildConfiguration section */

/* Begin XCConfigurationList section */
		052A4B0D200E4CFC00520B21 /* Build configuration list for PBXProject "trackerbrd" */ = {
			isa = XCConfigurationList;
			buildConfigurations = (
				052A4B38200E4CFD00520B21 /* Debug */,
				052A4B39200E4CFD00520B21 /* Release */,
			);
			defaultConfigurationIsVisible = 0;
			defaultConfigurationName = Debug;
		};
		052A4B3A200E4CFD00520B21 /* Build configuration list for PBXNativeTarget "trackerbrd" */ = {
			isa = XCConfigurationList;
			buildConfigurations = (
				052A4B3B200E4CFD00520B21 /* Debug */,
				052A4B3C200E4CFD00520B21 /* Release */,
			);
			defaultConfigurationIsVisible = 0;
			defaultConfigurationName = Debug;
		};
		052A4B3D200E4CFD00520B21 /* Build configuration list for PBXNativeTarget "trackerbrdTests" */ = {
			isa = XCConfigurationList;
			buildConfigurations = (
				052A4B3E200E4CFD00520B21 /* Debug */,
				052A4B3F200E4CFD00520B21 /* Release */,
			);
			defaultConfigurationIsVisible = 0;
			defaultConfigurationName = Debug;
		};
		052A4B40200E4CFD00520B21 /* Build configuration list for PBXNativeTarget "trackerbrdUITests" */ = {
			isa = XCConfigurationList;
			buildConfigurations = (
				052A4B41200E4CFD00520B21 /* Debug */,
				052A4B42200E4CFD00520B21 /* Release */,
			);
			defaultConfigurationIsVisible = 0;
			defaultConfigurationName = Debug;
		};
/* End XCConfigurationList section */
	};
	rootObject = 052A4B0A200E4CFC00520B21 /* Project object */;
}
